{
    "_readme": [
        "This file locks the dependencies of your project to a known state",
        "Read more about it at https://getcomposer.org/doc/01-basic-usage.md#installing-dependencies",
        "This file is @generated automatically"
    ],
    "content-hash": "e9cadb4f40a93215ea70d7175e087a0b",
    "packages": [
        {
            "name": "ausi/slug-generator",
            "version": "v1.1.1",
            "source": {
                "type": "git",
                "url": "https://github.com/ausi/slug-generator.git",
                "reference": "4e761b08966c5d4aeecc1829ac997e5a5a29d231"
            },
            "dist": {
                "type": "zip",
                "url": "https://api.github.com/repos/ausi/slug-generator/zipball/4e761b08966c5d4aeecc1829ac997e5a5a29d231",
                "reference": "4e761b08966c5d4aeecc1829ac997e5a5a29d231",
                "shasum": ""
            },
            "require": {
                "ext-intl": "*",
                "ext-mbstring": "*",
                "ext-pcre": "*",
                "lib-icu": ">=4.2.1",
                "php": "^7.1 || ^8.0"
            },
            "require-dev": {
                "contao/easy-coding-standard": "^3.0",
                "phpstan/phpstan": "^0.12.40",
                "phpstan/phpstan-phpunit": "^0.12.16",
                "phpunit/phpunit": "^7.5.20 || ^8.5.4 || ^9.4.2",
                "psalm/plugin-phpunit": "^0.9",
                "slam/phpstan-extensions": "^5.0",
                "vimeo/psalm": "^3.9"
            },
            "type": "library",
            "autoload": {
                "psr-4": {
                    "Ausi\\SlugGenerator\\": "src/"
                }
            },
            "notification-url": "https://packagist.org/downloads/",
            "license": [
                "MIT"
            ],
            "authors": [
                {
                    "name": "Martin Auswöger",
                    "email": "martin@auswoeger.com"
                }
            ],
            "description": "Slug Generator",
            "keywords": [
                "ascii",
                "cldr",
                "pretty-url",
                "slug",
                "slug-generator",
                "slugify",
                "transliteration",
                "unicode"
            ],
            "support": {
                "issues": "https://github.com/ausi/slug-generator/issues",
                "source": "https://github.com/ausi/slug-generator/tree/v1.1.1"
            },
            "funding": [
                {
                    "url": "https://github.com/ausi",
                    "type": "github"
                }
            ],
            "time": "2020-10-19T15:25:33+00:00"
        },
        {
            "name": "carbonphp/carbon-doctrine-types",
            "version": "3.1.0",
            "source": {
                "type": "git",
                "url": "https://github.com/CarbonPHP/carbon-doctrine-types.git",
                "reference": "a31d3358a2a5d6ae947df1691d1f321418a5f3d5"
            },
            "dist": {
                "type": "zip",
                "url": "https://api.github.com/repos/CarbonPHP/carbon-doctrine-types/zipball/a31d3358a2a5d6ae947df1691d1f321418a5f3d5",
                "reference": "a31d3358a2a5d6ae947df1691d1f321418a5f3d5",
                "shasum": ""
            },
            "require": {
                "php": "^8.1"
            },
            "conflict": {
                "doctrine/dbal": "<4.0.0 || >=5.0.0"
            },
            "require-dev": {
                "doctrine/dbal": "^4.0.0",
                "nesbot/carbon": "^2.71.0 || ^3.0.0",
                "phpunit/phpunit": "^10.3"
            },
            "type": "library",
            "autoload": {
                "psr-4": {
                    "Carbon\\Doctrine\\": "src/Carbon/Doctrine/"
                }
            },
            "notification-url": "https://packagist.org/downloads/",
            "license": [
                "MIT"
            ],
            "authors": [
                {
                    "name": "KyleKatarn",
                    "email": "kylekatarnls@gmail.com"
                }
            ],
            "description": "Types to use Carbon in Doctrine",
            "keywords": [
                "carbon",
                "date",
                "datetime",
                "doctrine",
                "time"
            ],
            "support": {
                "issues": "https://github.com/CarbonPHP/carbon-doctrine-types/issues",
                "source": "https://github.com/CarbonPHP/carbon-doctrine-types/tree/3.1.0"
            },
            "funding": [
                {
                    "url": "https://github.com/kylekatarnls",
                    "type": "github"
                },
                {
                    "url": "https://opencollective.com/Carbon",
                    "type": "open_collective"
                },
                {
                    "url": "https://tidelift.com/funding/github/packagist/nesbot/carbon",
                    "type": "tidelift"
                }
            ],
            "time": "2023-12-10T15:33:53+00:00"
        },
        {
            "name": "coffeecode/optimizer",
            "version": "2.0.2",
            "source": {
                "type": "git",
                "url": "https://github.com/robsonvleite/optimizer.git",
                "reference": "53c00844e3316a74f8f076b0b325ceb140d41b70"
            },
            "dist": {
                "type": "zip",
                "url": "https://api.github.com/repos/robsonvleite/optimizer/zipball/53c00844e3316a74f8f076b0b325ceb140d41b70",
                "reference": "53c00844e3316a74f8f076b0b325ceb140d41b70",
                "shasum": ""
            },
            "require": {
                "ext-simplexml": "*",
                "php": ">=7.2"
            },
            "type": "library",
            "autoload": {
                "psr-4": {
                    "CoffeeCode\\Optimizer\\": "src"
                }
            },
            "notification-url": "https://packagist.org/downloads/",
            "license": [
                "MIT"
            ],
            "authors": [
                {
                    "name": "Robson V. Leite",
                    "email": "cursos@upinside.com.br",
                    "role": "Developer"
                }
            ],
            "description": "Optimizer makes it easy to bookmark your site tags, open graph and twitter card",
            "homepage": "http://www.upinside.com.br",
            "keywords": [
                "Coffeecode",
                "Facebook Tags",
                "SMO",
                "meta tags",
                "open graph",
                "seo",
                "twitter card",
                "upinside"
            ],
            "support": {
                "issues": "https://github.com/robsonvleite/optimizer/issues",
                "source": "https://github.com/robsonvleite/optimizer/tree/2.0.2"
            },
            "time": "2021-03-21T14:08:00+00:00"
        },
        {
            "name": "coffeecode/uploader",
            "version": "1.0.11",
            "source": {
                "type": "git",
                "url": "https://github.com/robsonvleite/uploader.git",
                "reference": "182682c029ff23d28aa8f5d7db2db4c060fc3ae4"
            },
            "dist": {
                "type": "zip",
                "url": "https://api.github.com/repos/robsonvleite/uploader/zipball/182682c029ff23d28aa8f5d7db2db4c060fc3ae4",
                "reference": "182682c029ff23d28aa8f5d7db2db4c060fc3ae4",
                "shasum": ""
            },
            "require": {
                "ext-exif": "*",
                "ext-gd": "*",
                "ext-mbstring": "*",
                "php": ">=7.2"
            },
            "type": "library",
            "autoload": {
                "psr-4": {
                    "CoffeeCode\\Uploader\\": "src"
                }
            },
            "notification-url": "https://packagist.org/downloads/",
            "license": [
                "MIT"
            ],
            "authors": [
                {
                    "name": "Robson V. Leite",
                    "email": "cursos@upinside.com.br",
                    "role": "Developer"
                },
                {
                    "name": "Tiago Chini",
                    "email": "tiago.chini@hotmail.com",
                    "role": "collaborator"
                }
            ],
            "description": "It is a easy PHP upload manager for images, files and media in your application",
            "homepage": "http://www.upinside.com.br",
            "keywords": [
                "Coffeecode",
                "Image upload",
                "file upload",
                "media upload",
                "upinside",
                "upload"
            ],
            "support": {
                "issues": "https://github.com/robsonvleite/uploader/issues",
                "source": "https://github.com/robsonvleite/uploader/tree/1.0.11"
            },
            "time": "2021-03-21T18:57:41+00:00"
        },
        {
            "name": "fakerphp/faker",
            "version": "v1.13.0",
            "source": {
                "type": "git",
                "url": "https://github.com/FakerPHP/Faker.git",
                "reference": "ab3f5364d01f2c2c16113442fb987d26e4004913"
            },
            "dist": {
                "type": "zip",
                "url": "https://api.github.com/repos/FakerPHP/Faker/zipball/ab3f5364d01f2c2c16113442fb987d26e4004913",
                "reference": "ab3f5364d01f2c2c16113442fb987d26e4004913",
                "shasum": ""
            },
            "require": {
                "php": "^7.1 || ^8.0"
            },
            "conflict": {
                "fzaninotto/faker": "*"
            },
            "require-dev": {
                "bamarni/composer-bin-plugin": "^1.4.1",
                "ext-intl": "*",
                "phpunit/phpunit": "^7.5.20 || ^8.5.8 || ^9.4.2"
            },
            "type": "library",
            "autoload": {
                "psr-4": {
                    "Faker\\": "src/Faker/"
                }
            },
            "notification-url": "https://packagist.org/downloads/",
            "license": [
                "MIT"
            ],
            "authors": [
                {
                    "name": "François Zaninotto"
                }
            ],
            "description": "Faker is a PHP library that generates fake data for you.",
            "keywords": [
                "data",
                "faker",
                "fixtures"
            ],
            "support": {
                "issues": "https://github.com/FakerPHP/Faker/issues",
                "source": "https://github.com/FakerPHP/Faker/tree/v1.13.0"
            },
            "time": "2020-12-18T16:50:48+00:00"
        },
        {
            "name": "nesbot/carbon",
            "version": "2.72.1",
            "source": {
                "type": "git",
                "url": "https://github.com/briannesbitt/Carbon.git",
                "reference": "2b3b3db0a2d0556a177392ff1a3bf5608fa09f78"
            },
            "dist": {
                "type": "zip",
                "url": "https://api.github.com/repos/briannesbitt/Carbon/zipball/2b3b3db0a2d0556a177392ff1a3bf5608fa09f78",
                "reference": "2b3b3db0a2d0556a177392ff1a3bf5608fa09f78",
                "shasum": ""
            },
            "require": {
                "carbonphp/carbon-doctrine-types": "*",
                "ext-json": "*",
                "php": "^7.1.8 || ^8.0",
                "psr/clock": "^1.0",
                "symfony/polyfill-mbstring": "^1.0",
                "symfony/polyfill-php80": "^1.16",
                "symfony/translation": "^3.4 || ^4.0 || ^5.0 || ^6.0"
            },
            "provide": {
                "psr/clock-implementation": "1.0"
            },
            "require-dev": {
                "doctrine/dbal": "^2.0 || ^3.1.4 || ^4.0",
                "doctrine/orm": "^2.7 || ^3.0",
                "friendsofphp/php-cs-fixer": "^3.0",
                "kylekatarnls/multi-tester": "^2.0",
                "ondrejmirtes/better-reflection": "*",
                "phpmd/phpmd": "^2.9",
                "phpstan/extension-installer": "^1.0",
                "phpstan/phpstan": "^0.12.99 || ^1.7.14",
                "phpunit/php-file-iterator": "^2.0.5 || ^3.0.6",
                "phpunit/phpunit": "^7.5.20 || ^8.5.26 || ^9.5.20",
                "squizlabs/php_codesniffer": "^3.4"
            },
            "bin": [
                "bin/carbon"
            ],
            "type": "library",
            "extra": {
                "branch-alias": {
                    "dev-3.x": "3.x-dev",
                    "dev-master": "2.x-dev"
                },
                "laravel": {
                    "providers": [
                        "Carbon\\Laravel\\ServiceProvider"
                    ]
                },
                "phpstan": {
                    "includes": [
                        "extension.neon"
                    ]
                }
            },
            "autoload": {
                "psr-4": {
                    "Carbon\\": "src/Carbon/"
                }
            },
            "notification-url": "https://packagist.org/downloads/",
            "license": [
                "MIT"
            ],
            "authors": [
                {
                    "name": "Brian Nesbitt",
                    "email": "brian@nesbot.com",
                    "homepage": "https://markido.com"
                },
                {
                    "name": "kylekatarnls",
                    "homepage": "https://github.com/kylekatarnls"
                }
            ],
            "description": "An API extension for DateTime that supports 281 different languages.",
            "homepage": "https://carbon.nesbot.com",
            "keywords": [
                "date",
                "datetime",
                "time"
            ],
            "support": {
                "docs": "https://carbon.nesbot.com/docs",
                "issues": "https://github.com/briannesbitt/Carbon/issues",
                "source": "https://github.com/briannesbitt/Carbon"
            },
            "funding": [
                {
                    "url": "https://github.com/sponsors/kylekatarnls",
                    "type": "github"
                },
                {
                    "url": "https://opencollective.com/Carbon#sponsor",
                    "type": "opencollective"
                },
                {
                    "url": "https://tidelift.com/subscription/pkg/packagist-nesbot-carbon?utm_source=packagist-nesbot-carbon&utm_medium=referral&utm_campaign=readme",
                    "type": "tidelift"
                }
            ],
            "time": "2023-12-08T23:47:49+00:00"
        },
        {
            "name": "nikic/fast-route",
            "version": "v1.3.0",
            "source": {
                "type": "git",
                "url": "https://github.com/nikic/FastRoute.git",
                "reference": "181d480e08d9476e61381e04a71b34dc0432e812"
            },
            "dist": {
                "type": "zip",
                "url": "https://api.github.com/repos/nikic/FastRoute/zipball/181d480e08d9476e61381e04a71b34dc0432e812",
                "reference": "181d480e08d9476e61381e04a71b34dc0432e812",
                "shasum": ""
            },
            "require": {
                "php": ">=5.4.0"
            },
            "require-dev": {
                "phpunit/phpunit": "^4.8.35|~5.7"
            },
            "type": "library",
            "autoload": {
                "files": [
                    "src/functions.php"
                ],
                "psr-4": {
                    "FastRoute\\": "src/"
                }
            },
            "notification-url": "https://packagist.org/downloads/",
            "license": [
                "BSD-3-Clause"
            ],
            "authors": [
                {
                    "name": "Nikita Popov",
                    "email": "nikic@php.net"
                }
            ],
            "description": "Fast request router for PHP",
            "keywords": [
                "router",
                "routing"
            ],
            "support": {
                "issues": "https://github.com/nikic/FastRoute/issues",
                "source": "https://github.com/nikic/FastRoute/tree/master"
            },
            "time": "2018-02-13T20:26:39+00:00"
        },
        {
            "name": "phpmailer/phpmailer",
            "version": "v6.9.1",
            "source": {
                "type": "git",
                "url": "https://github.com/PHPMailer/PHPMailer.git",
                "reference": "039de174cd9c17a8389754d3b877a2ed22743e18"
            },
            "dist": {
                "type": "zip",
                "url": "https://api.github.com/repos/PHPMailer/PHPMailer/zipball/039de174cd9c17a8389754d3b877a2ed22743e18",
                "reference": "039de174cd9c17a8389754d3b877a2ed22743e18",
                "shasum": ""
            },
            "require": {
                "ext-ctype": "*",
                "ext-filter": "*",
                "ext-hash": "*",
                "php": ">=5.5.0"
            },
            "require-dev": {
                "dealerdirect/phpcodesniffer-composer-installer": "^1.0",
                "doctrine/annotations": "^1.2.6 || ^1.13.3",
                "php-parallel-lint/php-console-highlighter": "^1.0.0",
                "php-parallel-lint/php-parallel-lint": "^1.3.2",
                "phpcompatibility/php-compatibility": "^9.3.5",
                "roave/security-advisories": "dev-latest",
                "squizlabs/php_codesniffer": "^3.7.2",
                "yoast/phpunit-polyfills": "^1.0.4"
            },
            "suggest": {
                "decomplexity/SendOauth2": "Adapter for using XOAUTH2 authentication",
                "ext-mbstring": "Needed to send email in multibyte encoding charset or decode encoded addresses",
                "ext-openssl": "Needed for secure SMTP sending and DKIM signing",
                "greew/oauth2-azure-provider": "Needed for Microsoft Azure XOAUTH2 authentication",
                "hayageek/oauth2-yahoo": "Needed for Yahoo XOAUTH2 authentication",
                "league/oauth2-google": "Needed for Google XOAUTH2 authentication",
                "psr/log": "For optional PSR-3 debug logging",
                "symfony/polyfill-mbstring": "To support UTF-8 if the Mbstring PHP extension is not enabled (^1.2)",
                "thenetworg/oauth2-azure": "Needed for Microsoft XOAUTH2 authentication"
            },
            "type": "library",
            "autoload": {
                "psr-4": {
                    "PHPMailer\\PHPMailer\\": "src/"
                }
            },
            "notification-url": "https://packagist.org/downloads/",
            "license": [
                "LGPL-2.1-only"
            ],
            "authors": [
                {
                    "name": "Marcus Bointon",
                    "email": "phpmailer@synchromedia.co.uk"
                },
                {
                    "name": "Jim Jagielski",
                    "email": "jimjag@gmail.com"
                },
                {
                    "name": "Andy Prevost",
                    "email": "codeworxtech@users.sourceforge.net"
                },
                {
                    "name": "Brent R. Matzelle"
                }
            ],
            "description": "PHPMailer is a full-featured email creation and transfer class for PHP",
            "support": {
                "issues": "https://github.com/PHPMailer/PHPMailer/issues",
                "source": "https://github.com/PHPMailer/PHPMailer/tree/v6.9.1"
            },
            "funding": [
                {
                    "url": "https://github.com/Synchro",
                    "type": "github"
                }
            ],
            "time": "2023-11-25T22:23:28+00:00"
        },
        {
            "name": "pimple/pimple",
            "version": "v3.5.0",
            "source": {
                "type": "git",
                "url": "https://github.com/silexphp/Pimple.git",
                "reference": "a94b3a4db7fb774b3d78dad2315ddc07629e1bed"
            },
            "dist": {
                "type": "zip",
                "url": "https://api.github.com/repos/silexphp/Pimple/zipball/a94b3a4db7fb774b3d78dad2315ddc07629e1bed",
                "reference": "a94b3a4db7fb774b3d78dad2315ddc07629e1bed",
                "shasum": ""
            },
            "require": {
                "php": ">=7.2.5",
                "psr/container": "^1.1 || ^2.0"
            },
            "require-dev": {
                "symfony/phpunit-bridge": "^5.4@dev"
            },
            "type": "library",
            "extra": {
                "branch-alias": {
                    "dev-master": "3.4.x-dev"
                }
            },
            "autoload": {
                "psr-0": {
                    "Pimple": "src/"
                }
            },
            "notification-url": "https://packagist.org/downloads/",
            "license": [
                "MIT"
            ],
            "authors": [
                {
                    "name": "Fabien Potencier",
                    "email": "fabien@symfony.com"
                }
            ],
            "description": "Pimple, a simple Dependency Injection Container",
            "homepage": "https://pimple.symfony.com",
            "keywords": [
                "container",
                "dependency injection"
            ],
            "support": {
                "source": "https://github.com/silexphp/Pimple/tree/v3.5.0"
            },
            "time": "2021-10-28T11:13:42+00:00"
        },
        {
            "name": "psr/clock",
            "version": "1.0.0",
            "source": {
                "type": "git",
                "url": "https://github.com/php-fig/clock.git",
                "reference": "e41a24703d4560fd0acb709162f73b8adfc3aa0d"
            },
            "dist": {
                "type": "zip",
                "url": "https://api.github.com/repos/php-fig/clock/zipball/e41a24703d4560fd0acb709162f73b8adfc3aa0d",
                "reference": "e41a24703d4560fd0acb709162f73b8adfc3aa0d",
                "shasum": ""
            },
            "require": {
                "php": "^7.0 || ^8.0"
            },
            "type": "library",
            "autoload": {
                "psr-4": {
                    "Psr\\Clock\\": "src/"
                }
            },
            "notification-url": "https://packagist.org/downloads/",
            "license": [
                "MIT"
            ],
            "authors": [
                {
                    "name": "PHP-FIG",
                    "homepage": "https://www.php-fig.org/"
                }
            ],
            "description": "Common interface for reading the clock.",
            "homepage": "https://github.com/php-fig/clock",
            "keywords": [
                "clock",
                "now",
                "psr",
                "psr-20",
                "time"
            ],
            "support": {
                "issues": "https://github.com/php-fig/clock/issues",
                "source": "https://github.com/php-fig/clock/tree/1.0.0"
            },
            "time": "2022-11-25T14:36:26+00:00"
        },
        {
            "name": "psr/container",
            "version": "1.1.2",
            "source": {
                "type": "git",
                "url": "https://github.com/php-fig/container.git",
                "reference": "513e0666f7216c7459170d56df27dfcefe1689ea"
            },
            "dist": {
                "type": "zip",
                "url": "https://api.github.com/repos/php-fig/container/zipball/513e0666f7216c7459170d56df27dfcefe1689ea",
                "reference": "513e0666f7216c7459170d56df27dfcefe1689ea",
                "shasum": ""
            },
            "require": {
                "php": ">=7.4.0"
            },
            "type": "library",
            "autoload": {
                "psr-4": {
                    "Psr\\Container\\": "src/"
                }
            },
            "notification-url": "https://packagist.org/downloads/",
            "license": [
                "MIT"
            ],
            "authors": [
                {
                    "name": "PHP-FIG",
                    "homepage": "https://www.php-fig.org/"
                }
            ],
            "description": "Common Container Interface (PHP FIG PSR-11)",
            "homepage": "https://github.com/php-fig/container",
            "keywords": [
                "PSR-11",
                "container",
                "container-interface",
                "container-interop",
                "psr"
            ],
            "support": {
                "issues": "https://github.com/php-fig/container/issues",
                "source": "https://github.com/php-fig/container/tree/1.1.2"
            },
            "time": "2021-11-05T16:50:12+00:00"
        },
        {
            "name": "psr/http-message",
            "version": "1.1",
            "source": {
                "type": "git",
                "url": "https://github.com/php-fig/http-message.git",
                "reference": "cb6ce4845ce34a8ad9e68117c10ee90a29919eba"
            },
            "dist": {
                "type": "zip",
                "url": "https://api.github.com/repos/php-fig/http-message/zipball/cb6ce4845ce34a8ad9e68117c10ee90a29919eba",
                "reference": "cb6ce4845ce34a8ad9e68117c10ee90a29919eba",
                "shasum": ""
            },
            "require": {
                "php": "^7.2 || ^8.0"
            },
            "type": "library",
            "extra": {
                "branch-alias": {
                    "dev-master": "1.1.x-dev"
                }
            },
            "autoload": {
                "psr-4": {
                    "Psr\\Http\\Message\\": "src/"
                }
            },
            "notification-url": "https://packagist.org/downloads/",
            "license": [
                "MIT"
            ],
            "authors": [
                {
                    "name": "PHP-FIG",
                    "homepage": "http://www.php-fig.org/"
                }
            ],
            "description": "Common interface for HTTP messages",
            "homepage": "https://github.com/php-fig/http-message",
            "keywords": [
                "http",
                "http-message",
                "psr",
                "psr-7",
                "request",
                "response"
            ],
            "support": {
                "source": "https://github.com/php-fig/http-message/tree/1.1"
            },
            "time": "2023-04-04T09:50:52+00:00"
        },
        {
            "name": "rain/raintpl",
            "version": "3.0.0",
            "source": {
                "type": "git",
                "url": "https://github.com/rainphp/raintpl3.git",
                "reference": "5bfdf4602b8adb0e80b222fa29ac559aa9c06abf"
            },
            "dist": {
                "type": "zip",
                "url": "https://api.github.com/repos/rainphp/raintpl3/zipball/5bfdf4602b8adb0e80b222fa29ac559aa9c06abf",
                "reference": "5bfdf4602b8adb0e80b222fa29ac559aa9c06abf",
                "shasum": ""
            },
            "type": "library",
            "autoload": {
                "psr-0": {
                    "Rain": "library/"
                }
            },
            "notification-url": "https://packagist.org/downloads/",
            "authors": [
                {
                    "name": "Federico Ulfo",
                    "email": "rainelemental@gmail.com",
                    "homepage": "http://github.com/rainphp"
                }
            ],
            "description": "easy and fast template engine",
            "support": {
                "issues": "https://github.com/rainphp/raintpl3/issues",
                "source": "https://github.com/rainphp/raintpl3/tree/3.0.0"
            },
            "time": "2012-12-24T05:24:32+00:00"
        },
        {
            "name": "slim/slim",
            "version": "3.12.5",
            "source": {
                "type": "git",
                "url": "https://github.com/slimphp/Slim.git",
                "reference": "565632b2d9b64ecedf89546edbbf4f3648089f0c"
            },
            "dist": {
                "type": "zip",
                "url": "https://api.github.com/repos/slimphp/Slim/zipball/565632b2d9b64ecedf89546edbbf4f3648089f0c",
                "reference": "565632b2d9b64ecedf89546edbbf4f3648089f0c",
                "shasum": ""
            },
            "require": {
                "ext-json": "*",
                "ext-libxml": "*",
                "ext-simplexml": "*",
                "nikic/fast-route": "^1.0",
                "php": ">=5.5.0",
                "pimple/pimple": "^3.0",
                "psr/container": "^1.0",
                "psr/http-message": "^1.0"
            },
            "provide": {
                "psr/http-message-implementation": "1.0"
            },
            "require-dev": {
                "phpunit/phpunit": "^4.0",
                "squizlabs/php_codesniffer": "^3.6.0"
            },
            "type": "library",
            "autoload": {
                "psr-4": {
                    "Slim\\": "Slim"
                }
            },
            "notification-url": "https://packagist.org/downloads/",
            "license": [
                "MIT"
            ],
            "authors": [
                {
                    "name": "Josh Lockhart",
                    "email": "hello@joshlockhart.com",
                    "homepage": "https://joshlockhart.com"
                },
                {
                    "name": "Andrew Smith",
                    "email": "a.smith@silentworks.co.uk",
                    "homepage": "http://silentworks.co.uk"
                },
                {
                    "name": "Rob Allen",
                    "email": "rob@akrabat.com",
                    "homepage": "http://akrabat.com"
                },
                {
                    "name": "Gabriel Manricks",
                    "email": "gmanricks@me.com",
                    "homepage": "http://gabrielmanricks.com"
                }
            ],
            "description": "Slim is a PHP micro framework that helps you quickly write simple yet powerful web applications and APIs",
            "homepage": "https://slimframework.com",
            "keywords": [
                "api",
                "framework",
                "micro",
                "router"
            ],
            "support": {
                "issues": "https://github.com/slimphp/Slim/issues",
                "source": "https://github.com/slimphp/Slim/tree/3.12.5"
            },
            "funding": [
                {
                    "url": "https://opencollective.com/slimphp",
                    "type": "open_collective"
                },
                {
                    "url": "https://tidelift.com/funding/github/packagist/slim/slim",
                    "type": "tidelift"
                }
            ],
            "time": "2023-07-23T04:32:51+00:00"
        },
        {
            "name": "symfony/deprecation-contracts",
            "version": "v3.4.0",
            "source": {
                "type": "git",
                "url": "https://github.com/symfony/deprecation-contracts.git",
                "reference": "7c3aff79d10325257a001fcf92d991f24fc967cf"
            },
            "dist": {
                "type": "zip",
                "url": "https://api.github.com/repos/symfony/deprecation-contracts/zipball/7c3aff79d10325257a001fcf92d991f24fc967cf",
                "reference": "7c3aff79d10325257a001fcf92d991f24fc967cf",
                "shasum": ""
            },
            "require": {
                "php": ">=8.1"
            },
            "type": "library",
            "extra": {
                "branch-alias": {
                    "dev-main": "3.4-dev"
                },
                "thanks": {
                    "name": "symfony/contracts",
                    "url": "https://github.com/symfony/contracts"
                }
            },
            "autoload": {
                "files": [
                    "function.php"
                ]
            },
            "notification-url": "https://packagist.org/downloads/",
            "license": [
                "MIT"
            ],
            "authors": [
                {
                    "name": "Nicolas Grekas",
                    "email": "p@tchwork.com"
                },
                {
                    "name": "Symfony Community",
                    "homepage": "https://symfony.com/contributors"
                }
            ],
            "description": "A generic function and convention to trigger deprecation notices",
            "homepage": "https://symfony.com",
            "support": {
                "source": "https://github.com/symfony/deprecation-contracts/tree/v3.4.0"
            },
            "funding": [
                {
                    "url": "https://symfony.com/sponsor",
                    "type": "custom"
                },
                {
                    "url": "https://github.com/fabpot",
                    "type": "github"
                },
                {
                    "url": "https://tidelift.com/funding/github/packagist/symfony/symfony",
                    "type": "tidelift"
                }
            ],
            "time": "2023-05-23T14:45:45+00:00"
        },
        {
            "name": "symfony/polyfill-mbstring",
            "version": "v1.28.0",
            "source": {
                "type": "git",
                "url": "https://github.com/symfony/polyfill-mbstring.git",
                "reference": "42292d99c55abe617799667f454222c54c60e229"
            },
            "dist": {
                "type": "zip",
                "url": "https://api.github.com/repos/symfony/polyfill-mbstring/zipball/42292d99c55abe617799667f454222c54c60e229",
                "reference": "42292d99c55abe617799667f454222c54c60e229",
                "shasum": ""
            },
            "require": {
                "php": ">=7.1"
            },
            "provide": {
                "ext-mbstring": "*"
            },
            "suggest": {
                "ext-mbstring": "For best performance"
            },
            "type": "library",
            "extra": {
                "branch-alias": {
                    "dev-main": "1.28-dev"
                },
                "thanks": {
                    "name": "symfony/polyfill",
                    "url": "https://github.com/symfony/polyfill"
                }
            },
            "autoload": {
                "files": [
                    "bootstrap.php"
                ],
                "psr-4": {
                    "Symfony\\Polyfill\\Mbstring\\": ""
                }
            },
            "notification-url": "https://packagist.org/downloads/",
            "license": [
                "MIT"
            ],
            "authors": [
                {
                    "name": "Nicolas Grekas",
                    "email": "p@tchwork.com"
                },
                {
                    "name": "Symfony Community",
                    "homepage": "https://symfony.com/contributors"
                }
            ],
            "description": "Symfony polyfill for the Mbstring extension",
            "homepage": "https://symfony.com",
            "keywords": [
                "compatibility",
                "mbstring",
                "polyfill",
                "portable",
                "shim"
            ],
            "support": {
                "source": "https://github.com/symfony/polyfill-mbstring/tree/v1.28.0"
            },
            "funding": [
                {
                    "url": "https://symfony.com/sponsor",
                    "type": "custom"
                },
                {
                    "url": "https://github.com/fabpot",
                    "type": "github"
                },
                {
                    "url": "https://tidelift.com/funding/github/packagist/symfony/symfony",
                    "type": "tidelift"
                }
            ],
            "time": "2023-07-28T09:04:16+00:00"
        },
        {
            "name": "symfony/polyfill-php80",
            "version": "v1.28.0",
            "source": {
                "type": "git",
                "url": "https://github.com/symfony/polyfill-php80.git",
                "reference": "6caa57379c4aec19c0a12a38b59b26487dcfe4b5"
            },
            "dist": {
                "type": "zip",
                "url": "https://api.github.com/repos/symfony/polyfill-php80/zipball/6caa57379c4aec19c0a12a38b59b26487dcfe4b5",
                "reference": "6caa57379c4aec19c0a12a38b59b26487dcfe4b5",
                "shasum": ""
            },
            "require": {
                "php": ">=7.1"
            },
            "type": "library",
            "extra": {
                "branch-alias": {
                    "dev-main": "1.28-dev"
                },
                "thanks": {
                    "name": "symfony/polyfill",
                    "url": "https://github.com/symfony/polyfill"
                }
            },
            "autoload": {
                "files": [
                    "bootstrap.php"
                ],
                "psr-4": {
                    "Symfony\\Polyfill\\Php80\\": ""
                },
                "classmap": [
                    "Resources/stubs"
                ]
            },
            "notification-url": "https://packagist.org/downloads/",
            "license": [
                "MIT"
            ],
            "authors": [
                {
                    "name": "Ion Bazan",
                    "email": "ion.bazan@gmail.com"
                },
                {
                    "name": "Nicolas Grekas",
                    "email": "p@tchwork.com"
                },
                {
                    "name": "Symfony Community",
                    "homepage": "https://symfony.com/contributors"
                }
            ],
            "description": "Symfony polyfill backporting some PHP 8.0+ features to lower PHP versions",
            "homepage": "https://symfony.com",
            "keywords": [
                "compatibility",
                "polyfill",
                "portable",
                "shim"
            ],
            "support": {
                "source": "https://github.com/symfony/polyfill-php80/tree/v1.28.0"
            },
            "funding": [
                {
                    "url": "https://symfony.com/sponsor",
                    "type": "custom"
                },
                {
                    "url": "https://github.com/fabpot",
                    "type": "github"
                },
                {
                    "url": "https://tidelift.com/funding/github/packagist/symfony/symfony",
                    "type": "tidelift"
                }
            ],
            "time": "2023-01-26T09:26:14+00:00"
        },
        {
            "name": "symfony/translation",
            "version": "v6.4.2",
            "source": {
                "type": "git",
                "url": "https://github.com/symfony/translation.git",
                "reference": "a2ab2ec1a462e53016de8e8d5e8912bfd62ea681"
            },
            "dist": {
                "type": "zip",
                "url": "https://api.github.com/repos/symfony/translation/zipball/a2ab2ec1a462e53016de8e8d5e8912bfd62ea681",
                "reference": "a2ab2ec1a462e53016de8e8d5e8912bfd62ea681",
                "shasum": ""
            },
            "require": {
                "php": ">=8.1",
                "symfony/deprecation-contracts": "^2.5|^3",
                "symfony/polyfill-mbstring": "~1.0",
                "symfony/translation-contracts": "^2.5|^3.0"
            },
            "conflict": {
                "symfony/config": "<5.4",
                "symfony/console": "<5.4",
                "symfony/dependency-injection": "<5.4",
                "symfony/http-client-contracts": "<2.5",
                "symfony/http-kernel": "<5.4",
                "symfony/service-contracts": "<2.5",
                "symfony/twig-bundle": "<5.4",
                "symfony/yaml": "<5.4"
            },
            "provide": {
                "symfony/translation-implementation": "2.3|3.0"
            },
            "require-dev": {
                "nikic/php-parser": "^4.13",
                "psr/log": "^1|^2|^3",
                "symfony/config": "^5.4|^6.0|^7.0",
                "symfony/console": "^5.4|^6.0|^7.0",
                "symfony/dependency-injection": "^5.4|^6.0|^7.0",
                "symfony/finder": "^5.4|^6.0|^7.0",
                "symfony/http-client-contracts": "^2.5|^3.0",
                "symfony/http-kernel": "^5.4|^6.0|^7.0",
                "symfony/intl": "^5.4|^6.0|^7.0",
                "symfony/polyfill-intl-icu": "^1.21",
                "symfony/routing": "^5.4|^6.0|^7.0",
                "symfony/service-contracts": "^2.5|^3",
                "symfony/yaml": "^5.4|^6.0|^7.0"
            },
            "type": "library",
            "autoload": {
                "files": [
                    "Resources/functions.php"
                ],
                "psr-4": {
                    "Symfony\\Component\\Translation\\": ""
                },
                "exclude-from-classmap": [
                    "/Tests/"
                ]
            },
            "notification-url": "https://packagist.org/downloads/",
            "license": [
                "MIT"
            ],
            "authors": [
                {
                    "name": "Fabien Potencier",
                    "email": "fabien@symfony.com"
                },
                {
                    "name": "Symfony Community",
                    "homepage": "https://symfony.com/contributors"
                }
            ],
            "description": "Provides tools to internationalize your application",
            "homepage": "https://symfony.com",
            "support": {
                "source": "https://github.com/symfony/translation/tree/v6.4.2"
            },
            "funding": [
                {
                    "url": "https://symfony.com/sponsor",
                    "type": "custom"
                },
                {
                    "url": "https://github.com/fabpot",
                    "type": "github"
                },
                {
                    "url": "https://tidelift.com/funding/github/packagist/symfony/symfony",
                    "type": "tidelift"
                }
            ],
            "time": "2023-12-18T09:25:29+00:00"
        },
        {
            "name": "symfony/translation-contracts",
            "version": "v3.4.1",
            "source": {
                "type": "git",
                "url": "https://github.com/symfony/translation-contracts.git",
                "reference": "06450585bf65e978026bda220cdebca3f867fde7"
            },
            "dist": {
                "type": "zip",
                "url": "https://api.github.com/repos/symfony/translation-contracts/zipball/06450585bf65e978026bda220cdebca3f867fde7",
                "reference": "06450585bf65e978026bda220cdebca3f867fde7",
                "shasum": ""
            },
            "require": {
                "php": ">=8.1"
            },
            "type": "library",
            "extra": {
                "branch-alias": {
                    "dev-main": "3.4-dev"
                },
                "thanks": {
                    "name": "symfony/contracts",
                    "url": "https://github.com/symfony/contracts"
                }
            },
            "autoload": {
                "psr-4": {
                    "Symfony\\Contracts\\Translation\\": ""
                },
                "exclude-from-classmap": [
                    "/Test/"
                ]
            },
            "notification-url": "https://packagist.org/downloads/",
            "license": [
                "MIT"
            ],
            "authors": [
                {
                    "name": "Nicolas Grekas",
                    "email": "p@tchwork.com"
                },
                {
                    "name": "Symfony Community",
                    "homepage": "https://symfony.com/contributors"
                }
            ],
            "description": "Generic abstractions related to translation",
            "homepage": "https://symfony.com",
            "keywords": [
                "abstractions",
                "contracts",
                "decoupling",
                "interfaces",
                "interoperability",
                "standards"
            ],
            "support": {
                "source": "https://github.com/symfony/translation-contracts/tree/v3.4.1"
            },
            "funding": [
                {
                    "url": "https://symfony.com/sponsor",
                    "type": "custom"
                },
                {
                    "url": "https://github.com/fabpot",
                    "type": "github"
                },
                {
                    "url": "https://tidelift.com/funding/github/packagist/symfony/symfony",
                    "type": "tidelift"
                }
            ],
            "time": "2023-12-26T14:02:43+00:00"
        }
    ],
    "packages-dev": [],
    "aliases": [],
    "minimum-stability": "stable",
    "stability-flags": [],
    "prefer-stable": false,
    "prefer-lowest": false,
    "platform": [],
    "platform-dev": [],
    "plugin-api-version": "2.6.0"
}
